
Microsoft Visual Studio Solution File, Format Version 12.00
# Visual Studio Version 17
VisualStudioVersion = 17.6.33815.320
MinimumVisualStudioVersion = 10.0.40219.1
Project("{9A19103F-16F7-4668-BE54-9A1E7A4F7556}") = "library-management-system-api", "library-management-system-api\library-management-system-api.csproj", "{1FE28FF3-AEC4-4CD6-93A6-F642A49E0F5E}"
EndProject
Project("{9A19103F-16F7-4668-BE54-9A1E7A4F7556}") = "DAL", "DAL\DAL.csproj", "{A0637590-95CA-411F-98B7-035FBDC706EF}"
EndProject
Project("{9A19103F-16F7-4668-BE54-9A1E7A4F7556}") = "Abstractions", "Abstractions\Abstractions.csproj", "{C78856AB-4AA1-4F54-8929-8421997D3941}"
EndProject
Project("{9A19103F-16F7-4668-BE54-9A1E7A4F7556}") = "Entities", "Entities\Entities.csproj", "{73F4E61B-A675-4A06-94E0-FB9B98161424}"
EndProject
Project("{9A19103F-16F7-4668-BE54-9A1E7A4F7556}") = "Helpers", "Helpers\Helpers.csproj", "{BC9A2ED0-5A16-48CC-8185-74F3F0BC7FF3}"
EndProject
Project("{FAE04EC0-301F-11D3-BF4B-00C04F79EFBC}") = "MVC", "MVC\MVC.csproj", "{ABB2BEA8-F7FE-4B82-8133-AC8090198FD2}"
EndProject
Global
	GlobalSection(SolutionConfigurationPlatforms) = preSolution
		Debug|Any CPU = Debug|Any CPU
		Release|Any CPU = Release|Any CPU
	EndGlobalSection
	GlobalSection(ProjectConfigurationPlatforms) = postSolution
		{1FE28FF3-AEC4-4CD6-93A6-F642A49E0F5E}.Debug|Any CPU.ActiveCfg = Debug|Any CPU
		{1FE28FF3-AEC4-4CD6-93A6-F642A49E0F5E}.Debug|Any CPU.Build.0 = Debug|Any CPU
		{1FE28FF3-AEC4-4CD6-93A6-F642A49E0F5E}.Release|Any CPU.ActiveCfg = Release|Any CPU
		{1FE28FF3-AEC4-4CD6-93A6-F642A49E0F5E}.Release|Any CPU.Build.0 = Release|Any CPU
		{A0637590-95CA-411F-98B7-035FBDC706EF}.Debug|Any CPU.ActiveCfg = Debug|Any CPU
		{A0637590-95CA-411F-98B7-035FBDC706EF}.Debug|Any CPU.Build.0 = Debug|Any CPU
		{A0637590-95CA-411F-98B7-035FBDC706EF}.Release|Any CPU.ActiveCfg = Release|Any CPU
		{A0637590-95CA-411F-98B7-035FBDC706EF}.Release|Any CPU.Build.0 = Release|Any CPU
		{C78856AB-4AA1-4F54-8929-8421997D3941}.Debug|Any CPU.ActiveCfg = Debug|Any CPU
		{C78856AB-4AA1-4F54-8929-8421997D3941}.Debug|Any CPU.Build.0 = Debug|Any CPU
		{C78856AB-4AA1-4F54-8929-8421997D3941}.Release|Any CPU.ActiveCfg = Release|Any CPU
		{C78856AB-4AA1-4F54-8929-8421997D3941}.Release|Any CPU.Build.0 = Release|Any CPU
		{73F4E61B-A675-4A06-94E0-FB9B98161424}.Debug|Any CPU.ActiveCfg = Debug|Any CPU
		{73F4E61B-A675-4A06-94E0-FB9B98161424}.Debug|Any CPU.Build.0 = Debug|Any CPU
		{73F4E61B-A675-4A06-94E0-FB9B98161424}.Release|Any CPU.ActiveCfg = Release|Any CPU
		{73F4E61B-A675-4A06-94E0-FB9B98161424}.Release|Any CPU.Build.0 = Release|Any CPU
		{BC9A2ED0-5A16-48CC-8185-74F3F0BC7FF3}.Debug|Any CPU.ActiveCfg = Debug|Any CPU
		{BC9A2ED0-5A16-48CC-8185-74F3F0BC7FF3}.Debug|Any CPU.Build.0 = Debug|Any CPU
		{BC9A2ED0-5A16-48CC-8185-74F3F0BC7FF3}.Release|Any CPU.ActiveCfg = Release|Any CPU
		{BC9A2ED0-5A16-48CC-8185-74F3F0BC7FF3}.Release|Any CPU.Build.0 = Release|Any CPU
		{ABB2BEA8-F7FE-4B82-8133-AC8090198FD2}.Debug|Any CPU.ActiveCfg = Debug|Any CPU
		{ABB2BEA8-F7FE-4B82-8133-AC8090198FD2}.Debug|Any CPU.Build.0 = Debug|Any CPU
		{ABB2BEA8-F7FE-4B82-8133-AC8090198FD2}.Release|Any CPU.ActiveCfg = Release|Any CPU
		{ABB2BEA8-F7FE-4B82-8133-AC8090198FD2}.Release|Any CPU.Build.0 = Release|Any CPU
	EndGlobalSection
	GlobalSection(SolutionProperties) = preSolution
		HideSolutionNode = FALSE
	EndGlobalSection
	GlobalSection(ExtensibilityGlobals) = postSolution
		SolutionGuid = {A4D61951-B389-42D7-B104-259FE4BCD8C4}
	EndGlobalSection
EndGlobal
